// !$*UTF8*$!
{
	archiveVersion = 1;
	classes = {
	};
	objectVersion = 46;
	objects = {

/* Begin PBXBuildFile section */
		6E8FDAF21B9BEC5800B7045B /* .gitignore in Resources */ = {isa = PBXBuildFile; fileRef = 6E8FDAD11B9BEC5800B7045B /* .gitignore */; };
		6E8FDAF31B9BEC5800B7045B /* .gitignore in Resources */ = {isa = PBXBuildFile; fileRef = 6E8FDAD11B9BEC5800B7045B /* .gitignore */; };
		6E8FDAF41B9BEC5800B7045B /* LICENSE in Resources */ = {isa = PBXBuildFile; fileRef = 6E8FDAD21B9BEC5800B7045B /* LICENSE */; };
		6E8FDAF51B9BEC5800B7045B /* LICENSE in Resources */ = {isa = PBXBuildFile; fileRef = 6E8FDAD21B9BEC5800B7045B /* LICENSE */; };
		6E8FDAF61B9BEC5800B7045B /* README.md in Sources */ = {isa = PBXBuildFile; fileRef = 6E8FDAD31B9BEC5800B7045B /* README.md */; };
		6E8FDAF71B9BEC5800B7045B /* README.md in Sources */ = {isa = PBXBuildFile; fileRef = 6E8FDAD31B9BEC5800B7045B /* README.md */; };
		6E8FDAF81B9BEC5800B7045B /* Socket.IO-Client-Swift.podspec in Resources */ = {isa = PBXBuildFile; fileRef = 6E8FDAD41B9BEC5800B7045B /* Socket.IO-Client-Swift.podspec */; };
		6E8FDAF91B9BEC5800B7045B /* Socket.IO-Client-Swift.podspec in Resources */ = {isa = PBXBuildFile; fileRef = 6E8FDAD41B9BEC5800B7045B /* Socket.IO-Client-Swift.podspec */; };
		6E8FDAFA1B9BEC5800B7045B /* Info.plist in Resources */ = {isa = PBXBuildFile; fileRef = 6E8FDAD91B9BEC5800B7045B /* Info.plist */; };
		6E8FDAFB1B9BEC5800B7045B /* Info.plist in Resources */ = {isa = PBXBuildFile; fileRef = 6E8FDAD91B9BEC5800B7045B /* Info.plist */; };
		6E8FDB061B9BEC5800B7045B /* SocketAckManager.swift in Sources */ = {isa = PBXBuildFile; fileRef = 6E8FDAE51B9BEC5800B7045B /* SocketAckManager.swift */; };
		6E8FDB071B9BEC5800B7045B /* SocketAckManager.swift in Sources */ = {isa = PBXBuildFile; fileRef = 6E8FDAE51B9BEC5800B7045B /* SocketAckManager.swift */; };
		6E8FDB081B9BEC5800B7045B /* SocketAnyEvent.swift in Sources */ = {isa = PBXBuildFile; fileRef = 6E8FDAE61B9BEC5800B7045B /* SocketAnyEvent.swift */; };
		6E8FDB091B9BEC5800B7045B /* SocketAnyEvent.swift in Sources */ = {isa = PBXBuildFile; fileRef = 6E8FDAE61B9BEC5800B7045B /* SocketAnyEvent.swift */; };
		6E8FDB0A1B9BEC5800B7045B /* SocketEngine.swift in Sources */ = {isa = PBXBuildFile; fileRef = 6E8FDAE71B9BEC5800B7045B /* SocketEngine.swift */; };
		6E8FDB0B1B9BEC5800B7045B /* SocketEngine.swift in Sources */ = {isa = PBXBuildFile; fileRef = 6E8FDAE71B9BEC5800B7045B /* SocketEngine.swift */; };
		6E8FDB0C1B9BEC5800B7045B /* SocketEngineClient.swift in Sources */ = {isa = PBXBuildFile; fileRef = 6E8FDAE81B9BEC5800B7045B /* SocketEngineClient.swift */; };
		6E8FDB0D1B9BEC5800B7045B /* SocketEngineClient.swift in Sources */ = {isa = PBXBuildFile; fileRef = 6E8FDAE81B9BEC5800B7045B /* SocketEngineClient.swift */; };
		6E8FDB0E1B9BEC5800B7045B /* SocketEventHandler.swift in Sources */ = {isa = PBXBuildFile; fileRef = 6E8FDAE91B9BEC5800B7045B /* SocketEventHandler.swift */; };
		6E8FDB0F1B9BEC5800B7045B /* SocketEventHandler.swift in Sources */ = {isa = PBXBuildFile; fileRef = 6E8FDAE91B9BEC5800B7045B /* SocketEventHandler.swift */; };
		6E8FDB101B9BEC5800B7045B /* SocketFixUTF8.swift in Sources */ = {isa = PBXBuildFile; fileRef = 6E8FDAEA1B9BEC5800B7045B /* SocketFixUTF8.swift */; };
		6E8FDB111B9BEC5800B7045B /* SocketFixUTF8.swift in Sources */ = {isa = PBXBuildFile; fileRef = 6E8FDAEA1B9BEC5800B7045B /* SocketFixUTF8.swift */; };
		6E8FDB121B9BEC5800B7045B /* SocketIOClient.swift in Sources */ = {isa = PBXBuildFile; fileRef = 6E8FDAEB1B9BEC5800B7045B /* SocketIOClient.swift */; };
		6E8FDB131B9BEC5800B7045B /* SocketIOClient.swift in Sources */ = {isa = PBXBuildFile; fileRef = 6E8FDAEB1B9BEC5800B7045B /* SocketIOClient.swift */; };
		6E8FDB141B9BEC5800B7045B /* SocketLogger.swift in Sources */ = {isa = PBXBuildFile; fileRef = 6E8FDAEC1B9BEC5800B7045B /* SocketLogger.swift */; };
		6E8FDB151B9BEC5800B7045B /* SocketLogger.swift in Sources */ = {isa = PBXBuildFile; fileRef = 6E8FDAEC1B9BEC5800B7045B /* SocketLogger.swift */; };
		6E8FDB161B9BEC5800B7045B /* SocketPacket.swift in Sources */ = {isa = PBXBuildFile; fileRef = 6E8FDAED1B9BEC5800B7045B /* SocketPacket.swift */; };
		6E8FDB171B9BEC5800B7045B /* SocketPacket.swift in Sources */ = {isa = PBXBuildFile; fileRef = 6E8FDAED1B9BEC5800B7045B /* SocketPacket.swift */; };
		6E8FDB181B9BEC5800B7045B /* SocketParser.swift in Sources */ = {isa = PBXBuildFile; fileRef = 6E8FDAEE1B9BEC5800B7045B /* SocketParser.swift */; };
		6E8FDB191B9BEC5800B7045B /* SocketParser.swift in Sources */ = {isa = PBXBuildFile; fileRef = 6E8FDAEE1B9BEC5800B7045B /* SocketParser.swift */; };
		6E8FDB1A1B9BEC5800B7045B /* SocketTypes.swift in Sources */ = {isa = PBXBuildFile; fileRef = 6E8FDAEF1B9BEC5800B7045B /* SocketTypes.swift */; };
		6E8FDB1B1B9BEC5800B7045B /* SocketTypes.swift in Sources */ = {isa = PBXBuildFile; fileRef = 6E8FDAEF1B9BEC5800B7045B /* SocketTypes.swift */; };
		6E8FDB1C1B9BEC5800B7045B /* SwiftRegex.swift in Sources */ = {isa = PBXBuildFile; fileRef = 6E8FDAF01B9BEC5800B7045B /* SwiftRegex.swift */; };
		6E8FDB1D1B9BEC5800B7045B /* SwiftRegex.swift in Sources */ = {isa = PBXBuildFile; fileRef = 6E8FDAF01B9BEC5800B7045B /* SwiftRegex.swift */; };
		6E8FDB1E1B9BEC5800B7045B /* WebSocket.swift in Sources */ = {isa = PBXBuildFile; fileRef = 6E8FDAF11B9BEC5800B7045B /* WebSocket.swift */; };
		6E8FDB1F1B9BEC5800B7045B /* WebSocket.swift in Sources */ = {isa = PBXBuildFile; fileRef = 6E8FDAF11B9BEC5800B7045B /* WebSocket.swift */; };
		6ED43A561B9AF4DB00270A4B /* AppDelegate.swift in Sources */ = {isa = PBXBuildFile; fileRef = 6ED43A551B9AF4DB00270A4B /* AppDelegate.swift */; };
		6ED43A581B9AF4DB00270A4B /* ListPresentationViewController.swift in Sources */ = {isa = PBXBuildFile; fileRef = 6ED43A571B9AF4DB00270A4B /* ListPresentationViewController.swift */; };
		6ED43A5B1B9AF4DB00270A4B /* Main.storyboard in Resources */ = {isa = PBXBuildFile; fileRef = 6ED43A591B9AF4DB00270A4B /* Main.storyboard */; };
		6ED43A5D1B9AF4DB00270A4B /* Images.xcassets in Resources */ = {isa = PBXBuildFile; fileRef = 6ED43A5C1B9AF4DB00270A4B /* Images.xcassets */; };
		6ED43A601B9AF4DB00270A4B /* LaunchScreen.xib in Resources */ = {isa = PBXBuildFile; fileRef = 6ED43A5E1B9AF4DB00270A4B /* LaunchScreen.xib */; };
		6ED43A6C1B9AF4DB00270A4B /* RemoteTests.swift in Sources */ = {isa = PBXBuildFile; fileRef = 6ED43A6B1B9AF4DB00270A4B /* RemoteTests.swift */; };
		6ED43A761B9B3D9D00270A4B /* PresentationCell.swift in Sources */ = {isa = PBXBuildFile; fileRef = 6ED43A751B9B3D9D00270A4B /* PresentationCell.swift */; };
		6ED43A781B9B421B00270A4B /* Presentation.swift in Sources */ = {isa = PBXBuildFile; fileRef = 6ED43A771B9B421B00270A4B /* Presentation.swift */; };
		6ED43A7A1B9B42AA00270A4B /* PresentationManager.swift in Sources */ = {isa = PBXBuildFile; fileRef = 6ED43A791B9B42AA00270A4B /* PresentationManager.swift */; };
		6ED43A991B9B45B200270A4B /* Alamofire.framework in Frameworks */ = {isa = PBXBuildFile; fileRef = 6ED43A921B9B458200270A4B /* Alamofire.framework */; };
		6ED43A9A1B9B45B200270A4B /* Alamofire.framework in Embed Frameworks */ = {isa = PBXBuildFile; fileRef = 6ED43A921B9B458200270A4B /* Alamofire.framework */; settings = {ATTRIBUTES = (CodeSignOnCopy, RemoveHeadersOnCopy, ); }; };
		6ED43A9F1B9B4D2E00270A4B /* Slides.swift in Sources */ = {isa = PBXBuildFile; fileRef = 6ED43A9E1B9B4D2E00270A4B /* Slides.swift */; };
		6ED43AA11B9B534200270A4B /* SlidesManager.swift in Sources */ = {isa = PBXBuildFile; fileRef = 6ED43AA01B9B534200270A4B /* SlidesManager.swift */; };
		6ED43AA31B9B54FC00270A4B /* PresentationPlayerViewController.swift in Sources */ = {isa = PBXBuildFile; fileRef = 6ED43AA21B9B54FC00270A4B /* PresentationPlayerViewController.swift */; };
		6ED43AA51B9B5BF500270A4B /* SlidesCollectionViewController.swift in Sources */ = {isa = PBXBuildFile; fileRef = 6ED43AA41B9B5BF500270A4B /* SlidesCollectionViewController.swift */; };
		6ED43AA71B9B5EC900270A4B /* SlidesCollectionViewCell.swift in Sources */ = {isa = PBXBuildFile; fileRef = 6ED43AA61B9B5EC900270A4B /* SlidesCollectionViewCell.swift */; };
		6ED43AAE1B9B895C00270A4B /* pin1.jpg in Resources */ = {isa = PBXBuildFile; fileRef = 6ED43AA91B9B895C00270A4B /* pin1.jpg */; };
		6ED43AAF1B9B895C00270A4B /* pin2.jpg in Resources */ = {isa = PBXBuildFile; fileRef = 6ED43AAA1B9B895C00270A4B /* pin2.jpg */; };
		6ED43AB01B9B895C00270A4B /* pin3.jpg in Resources */ = {isa = PBXBuildFile; fileRef = 6ED43AAB1B9B895C00270A4B /* pin3.jpg */; };
		6ED43AB11B9B895C00270A4B /* pin4.jpg in Resources */ = {isa = PBXBuildFile; fileRef = 6ED43AAC1B9B895C00270A4B /* pin4.jpg */; };
		6ED43AB21B9B895C00270A4B /* pin5.jpg in Resources */ = {isa = PBXBuildFile; fileRef = 6ED43AAD1B9B895C00270A4B /* pin5.jpg */; };
		6ED43AB41B9B95B100270A4B /* pin0.jpg in Resources */ = {isa = PBXBuildFile; fileRef = 6ED43AB31B9B95B100270A4B /* pin0.jpg */; };
/* End PBXBuildFile section */

/* Begin PBXContainerItemProxy section */
		6E8FDB241B9BEC5800B7045B /* PBXContainerItemProxy */ = {
			isa = PBXContainerItemProxy;
			containerPortal = 6E8FDAD51B9BEC5800B7045B /* Socket.IO-Client-Swift.xcodeproj */;
			proxyType = 2;
			remoteGlobalIDString = 572EF2191B51F16C00EEBB58;
			remoteInfo = "SocketIO-iOS";
		};
		6E8FDB281B9BEC5800B7045B /* PBXContainerItemProxy */ = {
			isa = PBXContainerItemProxy;
			containerPortal = 6E8FDAD51B9BEC5800B7045B /* Socket.IO-Client-Swift.xcodeproj */;
			proxyType = 2;
			remoteGlobalIDString = 572EF2381B51F18A00EEBB58;
			remoteInfo = "SocketIO-Mac";
		};
		6ED43A661B9AF4DB00270A4B /* PBXContainerItemProxy */ = {
			isa = PBXContainerItemProxy;
			containerPortal = 6ED43A481B9AF4DB00270A4B /* Project object */;
			proxyType = 1;
			remoteGlobalIDString = 6ED43A4F1B9AF4DB00270A4B;
			remoteInfo = Remote;
		};
		6ED43A911B9B458200270A4B /* PBXContainerItemProxy */ = {
			isa = PBXContainerItemProxy;
			containerPortal = 6ED43A8A1B9B458200270A4B /* Alamofire.xcodeproj */;
			proxyType = 2;
			remoteGlobalIDString = F8111E3319A95C8B0040E7D1;
			remoteInfo = "Alamofire iOS";
		};
		6ED43A931B9B458200270A4B /* PBXContainerItemProxy */ = {
			isa = PBXContainerItemProxy;
			containerPortal = 6ED43A8A1B9B458200270A4B /* Alamofire.xcodeproj */;
			proxyType = 2;
			remoteGlobalIDString = 4DD67C0B1A5C55C900ED2280;
			remoteInfo = "Alamofire OSX";
		};
		6ED43A951B9B458200270A4B /* PBXContainerItemProxy */ = {
			isa = PBXContainerItemProxy;
			containerPortal = 6ED43A8A1B9B458200270A4B /* Alamofire.xcodeproj */;
			proxyType = 2;
			remoteGlobalIDString = F8111E3E19A95C8B0040E7D1;
			remoteInfo = "Alamofire iOS Tests";
		};
		6ED43A971B9B458200270A4B /* PBXContainerItemProxy */ = {
			isa = PBXContainerItemProxy;
			containerPortal = 6ED43A8A1B9B458200270A4B /* Alamofire.xcodeproj */;
			proxyType = 2;
			remoteGlobalIDString = F829C6B21A7A94F100A2CD59;
			remoteInfo = "Alamofire OSX Tests";
		};
		6ED43A9B1B9B45B200270A4B /* PBXContainerItemProxy */ = {
			isa = PBXContainerItemProxy;
			containerPortal = 6ED43A8A1B9B458200270A4B /* Alamofire.xcodeproj */;
			proxyType = 1;
			remoteGlobalIDString = F8111E3219A95C8B0040E7D1;
			remoteInfo = "Alamofire iOS";
		};
/* End PBXContainerItemProxy section */

/* Begin PBXCopyFilesBuildPhase section */
		6ED43A9D1B9B45B200270A4B /* Embed Frameworks */ = {
			isa = PBXCopyFilesBuildPhase;
			buildActionMask = 2147483647;
			dstPath = "";
			dstSubfolderSpec = 10;
			files = (
				6ED43A9A1B9B45B200270A4B /* Alamofire.framework in Embed Frameworks */,
			);
			name = "Embed Frameworks";
			runOnlyForDeploymentPostprocessing = 0;
		};
/* End PBXCopyFilesBuildPhase section */

/* Begin PBXFileReference section */
		6E8FDAD11B9BEC5800B7045B /* .gitignore */ = {isa = PBXFileReference; fileEncoding = 4; lastKnownFileType = text; path = .gitignore; sourceTree = "<group>"; };
		6E8FDAD21B9BEC5800B7045B /* LICENSE */ = {isa = PBXFileReference; fileEncoding = 4; lastKnownFileType = text; path = LICENSE; sourceTree = "<group>"; };
		6E8FDAD31B9BEC5800B7045B /* README.md */ = {isa = PBXFileReference; fileEncoding = 4; lastKnownFileType = net.daringfireball.markdown; path = README.md; sourceTree = "<group>"; };
		6E8FDAD41B9BEC5800B7045B /* Socket.IO-Client-Swift.podspec */ = {isa = PBXFileReference; fileEncoding = 4; lastKnownFileType = text; path = "Socket.IO-Client-Swift.podspec"; sourceTree = "<group>"; };
		6E8FDAD51B9BEC5800B7045B /* Socket.IO-Client-Swift.xcodeproj */ = {isa = PBXFileReference; lastKnownFileType = "wrapper.pb-project"; path = "Socket.IO-Client-Swift.xcodeproj"; sourceTree = "<group>"; };
		6E8FDAD91B9BEC5800B7045B /* Info.plist */ = {isa = PBXFileReference; fileEncoding = 4; lastKnownFileType = text.plist.xml; path = Info.plist; sourceTree = "<group>"; };
		6E8FDADA1B9BEC5800B7045B /* SocketIO-iOS.h */ = {isa = PBXFileReference; fileEncoding = 4; lastKnownFileType = sourcecode.c.h; path = "SocketIO-iOS.h"; sourceTree = "<group>"; };
		6E8FDAE51B9BEC5800B7045B /* SocketAckManager.swift */ = {isa = PBXFileReference; fileEncoding = 4; lastKnownFileType = sourcecode.swift; path = SocketAckManager.swift; sourceTree = "<group>"; };
		6E8FDAE61B9BEC5800B7045B /* SocketAnyEvent.swift */ = {isa = PBXFileReference; fileEncoding = 4; lastKnownFileType = sourcecode.swift; path = SocketAnyEvent.swift; sourceTree = "<group>"; };
		6E8FDAE71B9BEC5800B7045B /* SocketEngine.swift */ = {isa = PBXFileReference; fileEncoding = 4; lastKnownFileType = sourcecode.swift; path = SocketEngine.swift; sourceTree = "<group>"; };
		6E8FDAE81B9BEC5800B7045B /* SocketEngineClient.swift */ = {isa = PBXFileReference; fileEncoding = 4; lastKnownFileType = sourcecode.swift; path = SocketEngineClient.swift; sourceTree = "<group>"; };
		6E8FDAE91B9BEC5800B7045B /* SocketEventHandler.swift */ = {isa = PBXFileReference; fileEncoding = 4; lastKnownFileType = sourcecode.swift; path = SocketEventHandler.swift; sourceTree = "<group>"; };
		6E8FDAEA1B9BEC5800B7045B /* SocketFixUTF8.swift */ = {isa = PBXFileReference; fileEncoding = 4; lastKnownFileType = sourcecode.swift; path = SocketFixUTF8.swift; sourceTree = "<group>"; };
		6E8FDAEB1B9BEC5800B7045B /* SocketIOClient.swift */ = {isa = PBXFileReference; fileEncoding = 4; lastKnownFileType = sourcecode.swift; path = SocketIOClient.swift; sourceTree = "<group>"; };
		6E8FDAEC1B9BEC5800B7045B /* SocketLogger.swift */ = {isa = PBXFileReference; fileEncoding = 4; lastKnownFileType = sourcecode.swift; path = SocketLogger.swift; sourceTree = "<group>"; };
		6E8FDAED1B9BEC5800B7045B /* SocketPacket.swift */ = {isa = PBXFileReference; fileEncoding = 4; lastKnownFileType = sourcecode.swift; path = SocketPacket.swift; sourceTree = "<group>"; };
		6E8FDAEE1B9BEC5800B7045B /* SocketParser.swift */ = {isa = PBXFileReference; fileEncoding = 4; lastKnownFileType = sourcecode.swift; path = SocketParser.swift; sourceTree = "<group>"; };
		6E8FDAEF1B9BEC5800B7045B /* SocketTypes.swift */ = {isa = PBXFileReference; fileEncoding = 4; lastKnownFileType = sourcecode.swift; path = SocketTypes.swift; sourceTree = "<group>"; };
		6E8FDAF01B9BEC5800B7045B /* SwiftRegex.swift */ = {isa = PBXFileReference; fileEncoding = 4; lastKnownFileType = sourcecode.swift; path = SwiftRegex.swift; sourceTree = "<group>"; };
		6E8FDAF11B9BEC5800B7045B /* WebSocket.swift */ = {isa = PBXFileReference; fileEncoding = 4; lastKnownFileType = sourcecode.swift; path = WebSocket.swift; sourceTree = "<group>"; };
		6ED43A501B9AF4DB00270A4B /* Remote.app */ = {isa = PBXFileReference; explicitFileType = wrapper.application; includeInIndex = 0; path = Remote.app; sourceTree = BUILT_PRODUCTS_DIR; };
		6ED43A541B9AF4DB00270A4B /* Info.plist */ = {isa = PBXFileReference; lastKnownFileType = text.plist.xml; path = Info.plist; sourceTree = "<group>"; };
		6ED43A551B9AF4DB00270A4B /* AppDelegate.swift */ = {isa = PBXFileReference; lastKnownFileType = sourcecode.swift; path = AppDelegate.swift; sourceTree = "<group>"; };
		6ED43A571B9AF4DB00270A4B /* ListPresentationViewController.swift */ = {isa = PBXFileReference; lastKnownFileType = sourcecode.swift; path = ListPresentationViewController.swift; sourceTree = "<group>"; };
		6ED43A5A1B9AF4DB00270A4B /* Base */ = {isa = PBXFileReference; lastKnownFileType = file.storyboard; name = Base; path = Base.lproj/Main.storyboard; sourceTree = "<group>"; };
		6ED43A5C1B9AF4DB00270A4B /* Images.xcassets */ = {isa = PBXFileReference; lastKnownFileType = folder.assetcatalog; path = Images.xcassets; sourceTree = "<group>"; };
		6ED43A5F1B9AF4DB00270A4B /* Base */ = {isa = PBXFileReference; lastKnownFileType = file.xib; name = Base; path = Base.lproj/LaunchScreen.xib; sourceTree = "<group>"; };
		6ED43A651B9AF4DB00270A4B /* RemoteTests.xctest */ = {isa = PBXFileReference; explicitFileType = wrapper.cfbundle; includeInIndex = 0; path = RemoteTests.xctest; sourceTree = BUILT_PRODUCTS_DIR; };
		6ED43A6A1B9AF4DB00270A4B /* Info.plist */ = {isa = PBXFileReference; lastKnownFileType = text.plist.xml; path = Info.plist; sourceTree = "<group>"; };
		6ED43A6B1B9AF4DB00270A4B /* RemoteTests.swift */ = {isa = PBXFileReference; lastKnownFileType = sourcecode.swift; path = RemoteTests.swift; sourceTree = "<group>"; };
		6ED43A751B9B3D9D00270A4B /* PresentationCell.swift */ = {isa = PBXFileReference; fileEncoding = 4; lastKnownFileType = sourcecode.swift; path = PresentationCell.swift; sourceTree = "<group>"; };
		6ED43A771B9B421B00270A4B /* Presentation.swift */ = {isa = PBXFileReference; fileEncoding = 4; lastKnownFileType = sourcecode.swift; path = Presentation.swift; sourceTree = "<group>"; };
		6ED43A791B9B42AA00270A4B /* PresentationManager.swift */ = {isa = PBXFileReference; fileEncoding = 4; lastKnownFileType = sourcecode.swift; path = PresentationManager.swift; sourceTree = "<group>"; };
		6ED43A8A1B9B458200270A4B /* Alamofire.xcodeproj */ = {isa = PBXFileReference; lastKnownFileType = "wrapper.pb-project"; name = Alamofire.xcodeproj; path = Alamofire/Alamofire.xcodeproj; sourceTree = "<group>"; };
		6ED43A9E1B9B4D2E00270A4B /* Slides.swift */ = {isa = PBXFileReference; fileEncoding = 4; lastKnownFileType = sourcecode.swift; path = Slides.swift; sourceTree = "<group>"; };
		6ED43AA01B9B534200270A4B /* SlidesManager.swift */ = {isa = PBXFileReference; fileEncoding = 4; lastKnownFileType = sourcecode.swift; path = SlidesManager.swift; sourceTree = "<group>"; };
		6ED43AA21B9B54FC00270A4B /* PresentationPlayerViewController.swift */ = {isa = PBXFileReference; fileEncoding = 4; lastKnownFileType = sourcecode.swift; path = PresentationPlayerViewController.swift; sourceTree = "<group>"; };
		6ED43AA41B9B5BF500270A4B /* SlidesCollectionViewController.swift */ = {isa = PBXFileReference; fileEncoding = 4; lastKnownFileType = sourcecode.swift; path = SlidesCollectionViewController.swift; sourceTree = "<group>"; };
		6ED43AA61B9B5EC900270A4B /* SlidesCollectionViewCell.swift */ = {isa = PBXFileReference; fileEncoding = 4; lastKnownFileType = sourcecode.swift; path = SlidesCollectionViewCell.swift; sourceTree = "<group>"; };
		6ED43AA91B9B895C00270A4B /* pin1.jpg */ = {isa = PBXFileReference; lastKnownFileType = image.jpeg; path = pin1.jpg; sourceTree = "<group>"; };
		6ED43AAA1B9B895C00270A4B /* pin2.jpg */ = {isa = PBXFileReference; lastKnownFileType = image.jpeg; path = pin2.jpg; sourceTree = "<group>"; };
		6ED43AAB1B9B895C00270A4B /* pin3.jpg */ = {isa = PBXFileReference; lastKnownFileType = image.jpeg; path = pin3.jpg; sourceTree = "<group>"; };
		6ED43AAC1B9B895C00270A4B /* pin4.jpg */ = {isa = PBXFileReference; lastKnownFileType = image.jpeg; path = pin4.jpg; sourceTree = "<group>"; };
		6ED43AAD1B9B895C00270A4B /* pin5.jpg */ = {isa = PBXFileReference; lastKnownFileType = image.jpeg; path = pin5.jpg; sourceTree = "<group>"; };
		6ED43AB31B9B95B100270A4B /* pin0.jpg */ = {isa = PBXFileReference; lastKnownFileType = image.jpeg; path = pin0.jpg; sourceTree = "<group>"; };
/* End PBXFileReference section */

/* Begin PBXFrameworksBuildPhase section */
		6ED43A4D1B9AF4DB00270A4B /* Frameworks */ = {
			isa = PBXFrameworksBuildPhase;
			buildActionMask = 2147483647;
			files = (
				6ED43A991B9B45B200270A4B /* Alamofire.framework in Frameworks */,
			);
			runOnlyForDeploymentPostprocessing = 0;
		};
		6ED43A621B9AF4DB00270A4B /* Frameworks */ = {
			isa = PBXFrameworksBuildPhase;
			buildActionMask = 2147483647;
			files = (
			);
			runOnlyForDeploymentPostprocessing = 0;
		};
/* End PBXFrameworksBuildPhase section */

/* Begin PBXGroup section */
		6E8FDAD01B9BEC5800B7045B /* socket.io-client-swift-2.4.3 */ = {
			isa = PBXGroup;
			children = (
				6E8FDAD11B9BEC5800B7045B /* .gitignore */,
				6E8FDAD21B9BEC5800B7045B /* LICENSE */,
				6E8FDAD31B9BEC5800B7045B /* README.md */,
				6E8FDAD41B9BEC5800B7045B /* Socket.IO-Client-Swift.podspec */,
				6E8FDAD51B9BEC5800B7045B /* Socket.IO-Client-Swift.xcodeproj */,
				6E8FDAD81B9BEC5800B7045B /* SocketIO-iOS */,
				6E8FDAE41B9BEC5800B7045B /* SocketIOClientSwift */,
			);
			path = "socket.io-client-swift-2.4.3";
			sourceTree = "<group>";
		};
		6E8FDAD61B9BEC5800B7045B /* Products */ = {
			isa = PBXGroup;
			children = (
				6E8FDB251B9BEC5800B7045B /* SocketIO.framework */,
				6E8FDB291B9BEC5800B7045B /* SocketIO.framework */,
			);
			name = Products;
			sourceTree = "<group>";
		};
		6E8FDAD81B9BEC5800B7045B /* SocketIO-iOS */ = {
			isa = PBXGroup;
			children = (
				6E8FDAD91B9BEC5800B7045B /* Info.plist */,
				6E8FDADA1B9BEC5800B7045B /* SocketIO-iOS.h */,
			);
			path = "SocketIO-iOS";
			sourceTree = "<group>";
		};
		6E8FDAE41B9BEC5800B7045B /* SocketIOClientSwift */ = {
			isa = PBXGroup;
			children = (
				6E8FDAE51B9BEC5800B7045B /* SocketAckManager.swift */,
				6E8FDAE61B9BEC5800B7045B /* SocketAnyEvent.swift */,
				6E8FDAE71B9BEC5800B7045B /* SocketEngine.swift */,
				6E8FDAE81B9BEC5800B7045B /* SocketEngineClient.swift */,
				6E8FDAE91B9BEC5800B7045B /* SocketEventHandler.swift */,
				6E8FDAEA1B9BEC5800B7045B /* SocketFixUTF8.swift */,
				6E8FDAEB1B9BEC5800B7045B /* SocketIOClient.swift */,
				6E8FDAEC1B9BEC5800B7045B /* SocketLogger.swift */,
				6E8FDAED1B9BEC5800B7045B /* SocketPacket.swift */,
				6E8FDAEE1B9BEC5800B7045B /* SocketParser.swift */,
				6E8FDAEF1B9BEC5800B7045B /* SocketTypes.swift */,
				6E8FDAF01B9BEC5800B7045B /* SwiftRegex.swift */,
				6E8FDAF11B9BEC5800B7045B /* WebSocket.swift */,
			);
			path = SocketIOClientSwift;
			sourceTree = "<group>";
		};
		6ED43A471B9AF4DB00270A4B = {
			isa = PBXGroup;
			children = (
				6ED43A8A1B9B458200270A4B /* Alamofire.xcodeproj */,
				6ED43A521B9AF4DB00270A4B /* Remote */,
				6ED43A681B9AF4DB00270A4B /* RemoteTests */,
				6ED43A511B9AF4DB00270A4B /* Products */,
			);
			sourceTree = "<group>";
		};
		6ED43A511B9AF4DB00270A4B /* Products */ = {
			isa = PBXGroup;
			children = (
				6ED43A501B9AF4DB00270A4B /* Remote.app */,
				6ED43A651B9AF4DB00270A4B /* RemoteTests.xctest */,
			);
			name = Products;
			sourceTree = "<group>";
		};
		6ED43A521B9AF4DB00270A4B /* Remote */ = {
			isa = PBXGroup;
			children = (
				6E8FDAD01B9BEC5800B7045B /* socket.io-client-swift-2.4.3 */,
				6ED43AA81B9B895C00270A4B /* images */,
				6ED43AA61B9B5EC900270A4B /* SlidesCollectionViewCell.swift */,
				6ED43A551B9AF4DB00270A4B /* AppDelegate.swift */,
				6ED43A571B9AF4DB00270A4B /* ListPresentationViewController.swift */,
				6ED43A591B9AF4DB00270A4B /* Main.storyboard */,
				6ED43A5C1B9AF4DB00270A4B /* Images.xcassets */,
				6ED43A5E1B9AF4DB00270A4B /* LaunchScreen.xib */,
				6ED43A531B9AF4DB00270A4B /* Supporting Files */,
				6ED43A751B9B3D9D00270A4B /* PresentationCell.swift */,
				6ED43A771B9B421B00270A4B /* Presentation.swift */,
				6ED43A791B9B42AA00270A4B /* PresentationManager.swift */,
				6ED43A9E1B9B4D2E00270A4B /* Slides.swift */,
				6ED43AA01B9B534200270A4B /* SlidesManager.swift */,
				6ED43AA21B9B54FC00270A4B /* PresentationPlayerViewController.swift */,
				6ED43AA41B9B5BF500270A4B /* SlidesCollectionViewController.swift */,
			);
			path = Remote;
			sourceTree = "<group>";
		};
		6ED43A531B9AF4DB00270A4B /* Supporting Files */ = {
			isa = PBXGroup;
			children = (
				6ED43A541B9AF4DB00270A4B /* Info.plist */,
			);
			name = "Supporting Files";
			sourceTree = "<group>";
		};
		6ED43A681B9AF4DB00270A4B /* RemoteTests */ = {
			isa = PBXGroup;
			children = (
				6ED43A6B1B9AF4DB00270A4B /* RemoteTests.swift */,
				6ED43A691B9AF4DB00270A4B /* Supporting Files */,
			);
			path = RemoteTests;
			sourceTree = "<group>";
		};
		6ED43A691B9AF4DB00270A4B /* Supporting Files */ = {
			isa = PBXGroup;
			children = (
				6ED43A6A1B9AF4DB00270A4B /* Info.plist */,
			);
			name = "Supporting Files";
			sourceTree = "<group>";
		};
		6ED43A8B1B9B458200270A4B /* Products */ = {
			isa = PBXGroup;
			children = (
				6ED43A921B9B458200270A4B /* Alamofire.framework */,
				6ED43A941B9B458200270A4B /* Alamofire.framework */,
				6ED43A961B9B458200270A4B /* Alamofire iOS Tests.xctest */,
				6ED43A981B9B458200270A4B /* Alamofire OSX Tests.xctest */,
			);
			name = Products;
			sourceTree = "<group>";
		};
		6ED43AA81B9B895C00270A4B /* images */ = {
			isa = PBXGroup;
			children = (
				6ED43AB31B9B95B100270A4B /* pin0.jpg */,
				6ED43AA91B9B895C00270A4B /* pin1.jpg */,
				6ED43AAA1B9B895C00270A4B /* pin2.jpg */,
				6ED43AAB1B9B895C00270A4B /* pin3.jpg */,
				6ED43AAC1B9B895C00270A4B /* pin4.jpg */,
				6ED43AAD1B9B895C00270A4B /* pin5.jpg */,
			);
			path = images;
			sourceTree = "<group>";
		};
/* End PBXGroup section */

/* Begin PBXNativeTarget section */
		6ED43A4F1B9AF4DB00270A4B /* Remote */ = {
			isa = PBXNativeTarget;
			buildConfigurationList = 6ED43A6F1B9AF4DB00270A4B /* Build configuration list for PBXNativeTarget "Remote" */;
			buildPhases = (
				6ED43A4C1B9AF4DB00270A4B /* Sources */,
				6ED43A4D1B9AF4DB00270A4B /* Frameworks */,
				6ED43A4E1B9AF4DB00270A4B /* Resources */,
				6ED43A9D1B9B45B200270A4B /* Embed Frameworks */,
			);
			buildRules = (
			);
			dependencies = (
				6ED43A9C1B9B45B200270A4B /* PBXTargetDependency */,
			);
			name = Remote;
			productName = Remote;
			productReference = 6ED43A501B9AF4DB00270A4B /* Remote.app */;
			productType = "com.apple.product-type.application";
		};
		6ED43A641B9AF4DB00270A4B /* RemoteTests */ = {
			isa = PBXNativeTarget;
			buildConfigurationList = 6ED43A721B9AF4DC00270A4B /* Build configuration list for PBXNativeTarget "RemoteTests" */;
			buildPhases = (
				6ED43A611B9AF4DB00270A4B /* Sources */,
				6ED43A621B9AF4DB00270A4B /* Frameworks */,
				6ED43A631B9AF4DB00270A4B /* Resources */,
			);
			buildRules = (
			);
			dependencies = (
				6ED43A671B9AF4DB00270A4B /* PBXTargetDependency */,
			);
			name = RemoteTests;
			productName = RemoteTests;
			productReference = 6ED43A651B9AF4DB00270A4B /* RemoteTests.xctest */;
			productType = "com.apple.product-type.bundle.unit-test";
		};
/* End PBXNativeTarget section */

/* Begin PBXProject section */
		6ED43A481B9AF4DB00270A4B /* Project object */ = {
			isa = PBXProject;
			attributes = {
				LastSwiftUpdateCheck = 0700;
				LastUpgradeCheck = 0640;
				ORGANIZATIONNAME = "Itua Ijagbone";
				TargetAttributes = {
					6ED43A4F1B9AF4DB00270A4B = {
						CreatedOnToolsVersion = 6.4;
						DevelopmentTeam = 22DL934959;
					};
					6ED43A641B9AF4DB00270A4B = {
						CreatedOnToolsVersion = 6.4;
						TestTargetID = 6ED43A4F1B9AF4DB00270A4B;
					};
				};
			};
			buildConfigurationList = 6ED43A4B1B9AF4DB00270A4B /* Build configuration list for PBXProject "Remote" */;
			compatibilityVersion = "Xcode 3.2";
			developmentRegion = English;
			hasScannedForEncodings = 0;
			knownRegions = (
				en,
				Base,
			);
			mainGroup = 6ED43A471B9AF4DB00270A4B;
			productRefGroup = 6ED43A511B9AF4DB00270A4B /* Products */;
			projectDirPath = "";
			projectReferences = (
				{
					ProductGroup = 6ED43A8B1B9B458200270A4B /* Products */;
					ProjectRef = 6ED43A8A1B9B458200270A4B /* Alamofire.xcodeproj */;
				},
				{
					ProductGroup = 6E8FDAD61B9BEC5800B7045B /* Products */;
					ProjectRef = 6E8FDAD51B9BEC5800B7045B /* Socket.IO-Client-Swift.xcodeproj */;
				},
			);
			projectRoot = "";
			targets = (
				6ED43A4F1B9AF4DB00270A4B /* Remote */,
				6ED43A641B9AF4DB00270A4B /* RemoteTests */,
			);
		};
/* End PBXProject section */

/* Begin PBXReferenceProxy section */
		6E8FDB251B9BEC5800B7045B /* SocketIO.framework */ = {
			isa = PBXReferenceProxy;
			fileType = wrapper.framework;
			path = SocketIO.framework;
			remoteRef = 6E8FDB241B9BEC5800B7045B /* PBXContainerItemProxy */;
			sourceTree = BUILT_PRODUCTS_DIR;
		};
		6E8FDB291B9BEC5800B7045B /* SocketIO.framework */ = {
			isa = PBXReferenceProxy;
			fileType = wrapper.framework;
			path = SocketIO.framework;
			remoteRef = 6E8FDB281B9BEC5800B7045B /* PBXContainerItemProxy */;
			sourceTree = BUILT_PRODUCTS_DIR;
		};
		6ED43A921B9B458200270A4B /* Alamofire.framework */ = {
			isa = PBXReferenceProxy;
			fileType = wrapper.framework;
			path = Alamofire.framework;
			remoteRef = 6ED43A911B9B458200270A4B /* PBXContainerItemProxy */;
			sourceTree = BUILT_PRODUCTS_DIR;
		};
		6ED43A941B9B458200270A4B /* Alamofire.framework */ = {
			isa = PBXReferenceProxy;
			fileType = wrapper.framework;
			path = Alamofire.framework;
			remoteRef = 6ED43A931B9B458200270A4B /* PBXContainerItemProxy */;
			sourceTree = BUILT_PRODUCTS_DIR;
		};
		6ED43A961B9B458200270A4B /* Alamofire iOS Tests.xctest */ = {
			isa = PBXReferenceProxy;
			fileType = wrapper.cfbundle;
			path = "Alamofire iOS Tests.xctest";
			remoteRef = 6ED43A951B9B458200270A4B /* PBXContainerItemProxy */;
			sourceTree = BUILT_PRODUCTS_DIR;
		};
		6ED43A981B9B458200270A4B /* Alamofire OSX Tests.xctest */ = {
			isa = PBXReferenceProxy;
			fileType = wrapper.cfbundle;
			path = "Alamofire OSX Tests.xctest";
			remoteRef = 6ED43A971B9B458200270A4B /* PBXContainerItemProxy */;
			sourceTree = BUILT_PRODUCTS_DIR;
		};
/* End PBXReferenceProxy section */

/* Begin PBXResourcesBuildPhase section */
		6ED43A4E1B9AF4DB00270A4B /* Resources */ = {
			isa = PBXResourcesBuildPhase;
			buildActionMask = 2147483647;
			files = (
				6E8FDAF21B9BEC5800B7045B /* .gitignore in Resources */,
				6ED43A5B1B9AF4DB00270A4B /* Main.storyboard in Resources */,
				6ED43AB01B9B895C00270A4B /* pin3.jpg in Resources */,
				6E8FDAF81B9BEC5800B7045B /* Socket.IO-Client-Swift.podspec in Resources */,
				6ED43AAF1B9B895C00270A4B /* pin2.jpg in Resources */,
				6ED43AB21B9B895C00270A4B /* pin5.jpg in Resources */,
				6E8FDAF41B9BEC5800B7045B /* LICENSE in Resources */,
				6ED43AB41B9B95B100270A4B /* pin0.jpg in Resources */,
				6ED43A601B9AF4DB00270A4B /* LaunchScreen.xib in Resources */,
				6ED43A5D1B9AF4DB00270A4B /* Images.xcassets in Resources */,
				6ED43AAE1B9B895C00270A4B /* pin1.jpg in Resources */,
				6ED43AB11B9B895C00270A4B /* pin4.jpg in Resources */,
				6E8FDAFA1B9BEC5800B7045B /* Info.plist in Resources */,
			);
			runOnlyForDeploymentPostprocessing = 0;
		};
		6ED43A631B9AF4DB00270A4B /* Resources */ = {
			isa = PBXResourcesBuildPhase;
			buildActionMask = 2147483647;
			files = (
				6E8FDAFB1B9BEC5800B7045B /* Info.plist in Resources */,
				6E8FDAF91B9BEC5800B7045B /* Socket.IO-Client-Swift.podspec in Resources */,
				6E8FDAF51B9BEC5800B7045B /* LICENSE in Resources */,
				6E8FDAF31B9BEC5800B7045B /* .gitignore in Resources */,
			);
			runOnlyForDeploymentPostprocessing = 0;
		};
/* End PBXResourcesBuildPhase section */

/* Begin PBXSourcesBuildPhase section */
		6ED43A4C1B9AF4DB00270A4B /* Sources */ = {
			isa = PBXSourcesBuildPhase;
			buildActionMask = 2147483647;
			files = (
				6ED43A761B9B3D9D00270A4B /* PresentationCell.swift in Sources */,
				6ED43A9F1B9B4D2E00270A4B /* Slides.swift in Sources */,
				6ED43AA31B9B54FC00270A4B /* PresentationPlayerViewController.swift in Sources */,
				6ED43AA11B9B534200270A4B /* SlidesManager.swift in Sources */,
				6E8FDB081B9BEC5800B7045B /* SocketAnyEvent.swift in Sources */,
				6ED43A781B9B421B00270A4B /* Presentation.swift in Sources */,
				6E8FDB061B9BEC5800B7045B /* SocketAckManager.swift in Sources */,
				6ED43AA71B9B5EC900270A4B /* SlidesCollectionViewCell.swift in Sources */,
				6E8FDB1E1B9BEC5800B7045B /* WebSocket.swift in Sources */,
				6ED43A581B9AF4DB00270A4B /* ListPresentationViewController.swift in Sources */,
				6E8FDB1A1B9BEC5800B7045B /* SocketTypes.swift in Sources */,
				6E8FDB0C1B9BEC5800B7045B /* SocketEngineClient.swift in Sources */,
				6E8FDB141B9BEC5800B7045B /* SocketLogger.swift in Sources */,
				6ED43AA51B9B5BF500270A4B /* SlidesCollectionViewController.swift in Sources */,
				6E8FDB181B9BEC5800B7045B /* SocketParser.swift in Sources */,
				6E8FDB0E1B9BEC5800B7045B /* SocketEventHandler.swift in Sources */,
				6ED43A7A1B9B42AA00270A4B /* PresentationManager.swift in Sources */,
				6E8FDB0A1B9BEC5800B7045B /* SocketEngine.swift in Sources */,
				6E8FDB161B9BEC5800B7045B /* SocketPacket.swift in Sources */,
				6E8FDB121B9BEC5800B7045B /* SocketIOClient.swift in Sources */,
				6E8FDAF61B9BEC5800B7045B /* README.md in Sources */,
				6ED43A561B9AF4DB00270A4B /* AppDelegate.swift in Sources */,
				6E8FDB1C1B9BEC5800B7045B /* SwiftRegex.swift in Sources */,
				6E8FDB101B9BEC5800B7045B /* SocketFixUTF8.swift in Sources */,
			);
			runOnlyForDeploymentPostprocessing = 0;
		};
		6ED43A611B9AF4DB00270A4B /* Sources */ = {
			isa = PBXSourcesBuildPhase;
			buildActionMask = 2147483647;
			files = (
				6E8FDAF71B9BEC5800B7045B /* README.md in Sources */,
				6E8FDB111B9BEC5800B7045B /* SocketFixUTF8.swift in Sources */,
				6E8FDB151B9BEC5800B7045B /* SocketLogger.swift in Sources */,
				6E8FDB1F1B9BEC5800B7045B /* WebSocket.swift in Sources */,
				6E8FDB1D1B9BEC5800B7045B /* SwiftRegex.swift in Sources */,
				6E8FDB191B9BEC5800B7045B /* SocketParser.swift in Sources */,
				6E8FDB0D1B9BEC5800B7045B /* SocketEngineClient.swift in Sources */,
				6E8FDB071B9BEC5800B7045B /* SocketAckManager.swift in Sources */,
				6E8FDB0F1B9BEC5800B7045B /* SocketEventHandler.swift in Sources */,
				6E8FDB1B1B9BEC5800B7045B /* SocketTypes.swift in Sources */,
				6E8FDB171B9BEC5800B7045B /* SocketPacket.swift in Sources */,
				6E8FDB131B9BEC5800B7045B /* SocketIOClient.swift in Sources */,
				6E8FDB091B9BEC5800B7045B /* SocketAnyEvent.swift in Sources */,
				6E8FDB0B1B9BEC5800B7045B /* SocketEngine.swift in Sources */,
				6ED43A6C1B9AF4DB00270A4B /* RemoteTests.swift in Sources */,
			);
			runOnlyForDeploymentPostprocessing = 0;
		};
/* End PBXSourcesBuildPhase section */

/* Begin PBXTargetDependency section */
		6ED43A671B9AF4DB00270A4B /* PBXTargetDependency */ = {
			isa = PBXTargetDependency;
			target = 6ED43A4F1B9AF4DB00270A4B /* Remote */;
			targetProxy = 6ED43A661B9AF4DB00270A4B /* PBXContainerItemProxy */;
		};
		6ED43A9C1B9B45B200270A4B /* PBXTargetDependency */ = {
			isa = PBXTargetDependency;
			name = "Alamofire iOS";
			targetProxy = 6ED43A9B1B9B45B200270A4B /* PBXContainerItemProxy */;
		};
/* End PBXTargetDependency section */

/* Begin PBXVariantGroup section */
		6ED43A591B9AF4DB00270A4B /* Main.storyboard */ = {
			isa = PBXVariantGroup;
			children = (
				6ED43A5A1B9AF4DB00270A4B /* Base */,
			);
			name = Main.storyboard;
			sourceTree = "<group>";
		};
		6ED43A5E1B9AF4DB00270A4B /* LaunchScreen.xib */ = {
			isa = PBXVariantGroup;
			children = (
				6ED43A5F1B9AF4DB00270A4B /* Base */,
			);
			name = LaunchScreen.xib;
			sourceTree = "<group>";
		};
/* End PBXVariantGroup section */

/* Begin XCBuildConfiguration section */
		6ED43A6D1B9AF4DB00270A4B /* Debug */ = {
			isa = XCBuildConfiguration;
			buildSettings = {
				ALWAYS_SEARCH_USER_PATHS = NO;
				CLANG_CXX_LANGUAGE_STANDARD = "gnu++0x";
				CLANG_CXX_LIBRARY = "libc++";
				CLANG_ENABLE_MODULES = YES;
				CLANG_ENABLE_OBJC_ARC = YES;
				CLANG_WARN_BOOL_CONVERSION = YES;
				CLANG_WARN_CONSTANT_CONVERSION = YES;
				CLANG_WARN_DIRECT_OBJC_ISA_USAGE = YES_ERROR;
				CLANG_WARN_EMPTY_BODY = YES;
				CLANG_WARN_ENUM_CONVERSION = YES;
				CLANG_WARN_INT_CONVERSION = YES;
				CLANG_WARN_OBJC_ROOT_CLASS = YES_ERROR;
				CLANG_WARN_UNREACHABLE_CODE = YES;
				CLANG_WARN__DUPLICATE_METHOD_MATCH = YES;
				"CODE_SIGN_IDENTITY[sdk=iphoneos*]" = "iPhone Developer";
				COPY_PHASE_STRIP = NO;
				DEBUG_INFORMATION_FORMAT = "dwarf-with-dsym";
				ENABLE_STRICT_OBJC_MSGSEND = YES;
				GCC_C_LANGUAGE_STANDARD = gnu99;
				GCC_DYNAMIC_NO_PIC = NO;
				GCC_NO_COMMON_BLOCKS = YES;
				GCC_OPTIMIZATION_LEVEL = 0;
				GCC_PREPROCESSOR_DEFINITIONS = (
					"DEBUG=1",
					"$(inherited)",
				);
				GCC_SYMBOLS_PRIVATE_EXTERN = NO;
				GCC_WARN_64_TO_32_BIT_CONVERSION = YES;
				GCC_WARN_ABOUT_RETURN_TYPE = YES_ERROR;
				GCC_WARN_UNDECLARED_SELECTOR = YES;
				GCC_WARN_UNINITIALIZED_AUTOS = YES_AGGRESSIVE;
				GCC_WARN_UNUSED_FUNCTION = YES;
				GCC_WARN_UNUSED_VARIABLE = YES;
				IPHONEOS_DEPLOYMENT_TARGET = 8.4;
				MTL_ENABLE_DEBUG_INFO = YES;
				ONLY_ACTIVE_ARCH = YES;
				SDKROOT = iphoneos;
				SWIFT_OPTIMIZATION_LEVEL = "-Onone";
				TARGETED_DEVICE_FAMILY = "1,2";
			};
			name = Debug;
		};
		6ED43A6E1B9AF4DB00270A4B /* Release */ = {
			isa = XCBuildConfiguration;
			buildSettings = {
				ALWAYS_SEARCH_USER_PATHS = NO;
				CLANG_CXX_LANGUAGE_STANDARD = "gnu++0x";
				CLANG_CXX_LIBRARY = "libc++";
				CLANG_ENABLE_MODULES = YES;
				CLANG_ENABLE_OBJC_ARC = YES;
				CLANG_WARN_BOOL_CONVERSION = YES;
				CLANG_WARN_CONSTANT_CONVERSION = YES;
				CLANG_WARN_DIRECT_OBJC_ISA_USAGE = YES_ERROR;
				CLANG_WARN_EMPTY_BODY = YES;
				CLANG_WARN_ENUM_CONVERSION = YES;
				CLANG_WARN_INT_CONVERSION = YES;
				CLANG_WARN_OBJC_ROOT_CLASS = YES_ERROR;
				CLANG_WARN_UNREACHABLE_CODE = YES;
				CLANG_WARN__DUPLICATE_METHOD_MATCH = YES;
				"CODE_SIGN_IDENTITY[sdk=iphoneos*]" = "iPhone Developer";
				COPY_PHASE_STRIP = NO;
				DEBUG_INFORMATION_FORMAT = "dwarf-with-dsym";
				ENABLE_NS_ASSERTIONS = NO;
				ENABLE_STRICT_OBJC_MSGSEND = YES;
				GCC_C_LANGUAGE_STANDARD = gnu99;
				GCC_NO_COMMON_BLOCKS = YES;
				GCC_WARN_64_TO_32_BIT_CONVERSION = YES;
				GCC_WARN_ABOUT_RETURN_TYPE = YES_ERROR;
				GCC_WARN_UNDECLARED_SELECTOR = YES;
				GCC_WARN_UNINITIALIZED_AUTOS = YES_AGGRESSIVE;
				GCC_WARN_UNUSED_FUNCTION = YES;
				GCC_WARN_UNUSED_VARIABLE = YES;
				IPHONEOS_DEPLOYMENT_TARGET = 8.4;
				MTL_ENABLE_DEBUG_INFO = NO;
				SDKROOT = iphoneos;
				TARGETED_DEVICE_FAMILY = "1,2";
				VALIDATE_PRODUCT = YES;
			};
			name = Release;
		};
		6ED43A701B9AF4DB00270A4B /* Debug */ = {
			isa = XCBuildConfiguration;
			buildSettings = {
				ASSETCATALOG_COMPILER_APPICON_NAME = AppIcon;
				CODE_SIGN_IDENTITY = "iPhone Developer";
				INFOPLIST_FILE = Remote/Info.plist;
				LD_RUNPATH_SEARCH_PATHS = "$(inherited) @executable_path/Frameworks";
				PRODUCT_NAME = "$(TARGET_NAME)";
			};
			name = Debug;
		};
		6ED43A711B9AF4DB00270A4B /* Release */ = {
			isa = XCBuildConfiguration;
			buildSettings = {
				ASSETCATALOG_COMPILER_APPICON_NAME = AppIcon;
				CODE_SIGN_IDENTITY = "iPhone Developer";
				INFOPLIST_FILE = Remote/Info.plist;
				LD_RUNPATH_SEARCH_PATHS = "$(inherited) @executable_path/Frameworks";
				PRODUCT_NAME = "$(TARGET_NAME)";
			};
			name = Release;
		};
		6ED43A731B9AF4DC00270A4B /* Debug */ = {
			isa = XCBuildConfiguration;
			buildSettings = {
				BUNDLE_LOADER = "$(TEST_HOST)";
				FRAMEWORK_SEARCH_PATHS = (
					"$(SDKROOT)/Developer/Library/Frameworks",
					"$(inherited)",
				);
				GCC_PREPROCESSOR_DEFINITIONS = (
					"DEBUG=1",
					"$(inherited)",
				);
				INFOPLIST_FILE = RemoteTests/Info.plist;
				LD_RUNPATH_SEARCH_PATHS = "$(inherited) @executable_path/Frameworks @loader_path/Frameworks";
				PRODUCT_NAME = "$(TARGET_NAME)";
				TEST_HOST = "$(BUILT_PRODUCTS_DIR)/Remote.app/Remote";
			};
			name = Debug;
		};
		6ED43A741B9AF4DC00270A4B /* Release */ = {
			isa = XCBuildConfiguration;
			buildSettings = {
				BUNDLE_LOADER = "$(TEST_HOST)";
				FRAMEWORK_SEARCH_PATHS = (
					"$(SDKROOT)/Developer/Library/Frameworks",
					"$(inherited)",
				);
				INFOPLIST_FILE = RemoteTests/Info.plist;
				LD_RUNPATH_SEARCH_PATHS = "$(inherited) @executable_path/Frameworks @loader_path/Frameworks";
				PRODUCT_NAME = "$(TARGET_NAME)";
				TEST_HOST = "$(BUILT_PRODUCTS_DIR)/Remote.app/Remote";
			};
			name = Release;
		};
/* End XCBuildConfiguration section */

/* Begin XCConfigurationList section */
		6ED43A4B1B9AF4DB00270A4B /* Build configuration list for PBXProject "Remote" */ = {
			isa = XCConfigurationList;
			buildConfigurations = (
				6ED43A6D1B9AF4DB00270A4B /* Debug */,
				6ED43A6E1B9AF4DB00270A4B /* Release */,
			);
			defaultConfigurationIsVisible = 0;
			defaultConfigurationName = Release;
		};
		6ED43A6F1B9AF4DB00270A4B /* Build configuration list for PBXNativeTarget "Remote" */ = {
			isa = XCConfigurationList;
			buildConfigurations = (
				6ED43A701B9AF4DB00270A4B /* Debug */,
				6ED43A711B9AF4DB00270A4B /* Release */,
			);
			defaultConfigurationIsVisible = 0;
			defaultConfigurationName = Release;
		};
		6ED43A721B9AF4DC00270A4B /* Build configuration list for PBXNativeTarget "RemoteTests" */ = {
			isa = XCConfigurationList;
			buildConfigurations = (
				6ED43A731B9AF4DC00270A4B /* Debug */,
				6ED43A741B9AF4DC00270A4B /* Release */,
			);
			defaultConfigurationIsVisible = 0;
			defaultConfigurationName = Release;
		};
/* End XCConfigurationList section */
	};
	rootObject = 6ED43A481B9AF4DB00270A4B /* Project object */;
}
